
Microsoft Visual Studio Solution File, Format Version 12.00
# Visual Studio Version 17
VisualStudioVersion = 17.10.35122.118
MinimumVisualStudioVersion = 10.0.40219.1
Project("{B7DD6F7E-DEF8-4E67-B5B7-07EF123DB6F0}") = "LumaViewPro2.1.0", "Package1\LumaViewPro2.1.0.wixproj", "{94C90CE8-CF5F-4CA4-9205-714431BE4938}"
EndProject
Global
	GlobalSection(SolutionConfigurationPlatforms) = preSolution
		Debug|ARM64 = Debug|ARM64
		Debug|x64 = Debug|x64
		Debug|x86 = Debug|x86
		Release|ARM64 = Release|ARM64
		Release|x64 = Release|x64
		Release|x86 = Release|x86
	EndGlobalSection
	GlobalSection(ProjectConfigurationPlatforms) = postSolution
		{94C90CE8-CF5F-4CA4-9205-714431BE4938}.Debug|ARM64.ActiveCfg = Debug|ARM64
		{94C90CE8-CF5F-4CA4-9205-714431BE4938}.Debug|ARM64.Build.0 = Debug|ARM64
		{94C90CE8-CF5F-4CA4-9205-714431BE4938}.Debug|x64.ActiveCfg = Debug|x64
		{94C90CE8-CF5F-4CA4-9205-714431BE4938}.Debug|x64.Build.0 = Debug|x64
		{94C90CE8-CF5F-4CA4-9205-714431BE4938}.Debug|x86.ActiveCfg = Debug|x86
		{94C90CE8-CF5F-4CA4-9205-714431BE4938}.Debug|x86.Build.0 = Debug|x86
		{94C90CE8-CF5F-4CA4-9205-714431BE4938}.Release|ARM64.ActiveCfg = Release|ARM64
		{94C90CE8-CF5F-4CA4-9205-714431BE4938}.Release|ARM64.Build.0 = Release|ARM64
		{94C90CE8-CF5F-4CA4-9205-714431BE4938}.Release|x64.ActiveCfg = Release|x64
		{94C90CE8-CF5F-4CA4-9205-714431BE4938}.Release|x64.Build.0 = Release|x64
		{94C90CE8-CF5F-4CA4-9205-714431BE4938}.Release|x86.ActiveCfg = Release|x86
		{94C90CE8-CF5F-4CA4-9205-714431BE4938}.Release|x86.Build.0 = Release|x86
	EndGlobalSection
	GlobalSection(SolutionProperties) = preSolution
		HideSolutionNode = FALSE
	EndGlobalSection
	GlobalSection(ExtensibilityGlobals) = postSolution
		SolutionGuid = {B09E9292-615A-49F8-9B15-C0D635B97105}
	EndGlobalSection
EndGlobal
